
Microsoft Visual Studio Solution File, Format Version 12.00
# Visual Studio Version 17
VisualStudioVersion = 17.0.31903.59
MinimumVisualStudioVersion = 10.0.40219.1
Project("{2150E333-8FDC-42A3-9474-1A3956D46DE8}") = "src", "src", "{F066634D-D8EE-4FF0-9A12-8BB159BE0378}"
EndProject
Project("{FAE04EC0-301F-11D3-BF4B-00C04F79EFBC}") = "api", "src\api\api.csproj", "{73F9D3D9-DC6E-4C8D-860E-42B3C7215B32}"
EndProject
Project("{FAE04EC0-301F-11D3-BF4B-00C04F79EFBC}") = "app", "src\app\app.csproj", "{E4171AEF-FBA0-4A0F-8E92-46420E3C732D}"
EndProject
Project("{FAE04EC0-301F-11D3-BF4B-00C04F79EFBC}") = "skaffold", "src\skaffold\skaffold.csproj", "{466DF623-ABE7-4AC6-BFBE-045E1CACCCB5}"
EndProject
Project("{FAE04EC0-301F-11D3-BF4B-00C04F79EFBC}") = "WorkerExample", "src\efcore-worker\WorkerExample.csproj", "{5AD0BFD4-A7FB-41D6-B755-45217BAA645E}"
EndProject
Global
	GlobalSection(SolutionConfigurationPlatforms) = preSolution
		Debug|Any CPU = Debug|Any CPU
		Release|Any CPU = Release|Any CPU
	EndGlobalSection
	GlobalSection(SolutionProperties) = preSolution
		HideSolutionNode = FALSE
	EndGlobalSection
	GlobalSection(ProjectConfigurationPlatforms) = postSolution
		{73F9D3D9-DC6E-4C8D-860E-42B3C7215B32}.Debug|Any CPU.ActiveCfg = Debug|Any CPU
		{73F9D3D9-DC6E-4C8D-860E-42B3C7215B32}.Debug|Any CPU.Build.0 = Debug|Any CPU
		{73F9D3D9-DC6E-4C8D-860E-42B3C7215B32}.Release|Any CPU.ActiveCfg = Release|Any CPU
		{73F9D3D9-DC6E-4C8D-860E-42B3C7215B32}.Release|Any CPU.Build.0 = Release|Any CPU
		{E4171AEF-FBA0-4A0F-8E92-46420E3C732D}.Debug|Any CPU.ActiveCfg = Debug|Any CPU
		{E4171AEF-FBA0-4A0F-8E92-46420E3C732D}.Debug|Any CPU.Build.0 = Debug|Any CPU
		{E4171AEF-FBA0-4A0F-8E92-46420E3C732D}.Release|Any CPU.ActiveCfg = Release|Any CPU
		{E4171AEF-FBA0-4A0F-8E92-46420E3C732D}.Release|Any CPU.Build.0 = Release|Any CPU
		{466DF623-ABE7-4AC6-BFBE-045E1CACCCB5}.Debug|Any CPU.ActiveCfg = Debug|Any CPU
		{466DF623-ABE7-4AC6-BFBE-045E1CACCCB5}.Debug|Any CPU.Build.0 = Debug|Any CPU
		{466DF623-ABE7-4AC6-BFBE-045E1CACCCB5}.Release|Any CPU.ActiveCfg = Release|Any CPU
		{466DF623-ABE7-4AC6-BFBE-045E1CACCCB5}.Release|Any CPU.Build.0 = Release|Any CPU
		{5AD0BFD4-A7FB-41D6-B755-45217BAA645E}.Debug|Any CPU.ActiveCfg = Debug|Any CPU
		{5AD0BFD4-A7FB-41D6-B755-45217BAA645E}.Debug|Any CPU.Build.0 = Debug|Any CPU
		{5AD0BFD4-A7FB-41D6-B755-45217BAA645E}.Release|Any CPU.ActiveCfg = Release|Any CPU
		{5AD0BFD4-A7FB-41D6-B755-45217BAA645E}.Release|Any CPU.Build.0 = Release|Any CPU
	EndGlobalSection
	GlobalSection(NestedProjects) = preSolution
		{73F9D3D9-DC6E-4C8D-860E-42B3C7215B32} = {F066634D-D8EE-4FF0-9A12-8BB159BE0378}
		{E4171AEF-FBA0-4A0F-8E92-46420E3C732D} = {F066634D-D8EE-4FF0-9A12-8BB159BE0378}
		{466DF623-ABE7-4AC6-BFBE-045E1CACCCB5} = {F066634D-D8EE-4FF0-9A12-8BB159BE0378}
		{5AD0BFD4-A7FB-41D6-B755-45217BAA645E} = {F066634D-D8EE-4FF0-9A12-8BB159BE0378}
	EndGlobalSection
EndGlobal
