
Microsoft Visual Studio Solution File, Format Version 12.00
# Visual Studio Version 17
VisualStudioVersion = 17.0.31903.59
MinimumVisualStudioVersion = 10.0.40219.1
Project("{2150E333-8FDC-42A3-9474-1A3956D46DE8}") = "src", "src", "{503D53EE-3E33-4011-B64B-8DB578DB4960}"
EndProject
Project("{FAE04EC0-301F-11D3-BF4B-00C04F79EFBC}") = "api", "src\api\api.csproj", "{417D8722-8AC6-47F1-BD4C-69EFA3CE5F31}"
EndProject
Project("{FAE04EC0-301F-11D3-BF4B-00C04F79EFBC}") = "app", "src\app\app.csproj", "{1B562FA4-2F11-45F6-8371-F50137B66569}"
EndProject
Project("{FAE04EC0-301F-11D3-BF4B-00C04F79EFBC}") = "skaffold", "src\skaffold\skaffold.csproj", "{DCBD557B-7677-47B5-88F1-7237D98EA2D3}"
EndProject
Global
	GlobalSection(SolutionConfigurationPlatforms) = preSolution
		Debug|Any CPU = Debug|Any CPU
		Release|Any CPU = Release|Any CPU
	EndGlobalSection
	GlobalSection(SolutionProperties) = preSolution
		HideSolutionNode = FALSE
	EndGlobalSection
	GlobalSection(ProjectConfigurationPlatforms) = postSolution
		{417D8722-8AC6-47F1-BD4C-69EFA3CE5F31}.Debug|Any CPU.ActiveCfg = Debug|Any CPU
		{417D8722-8AC6-47F1-BD4C-69EFA3CE5F31}.Debug|Any CPU.Build.0 = Debug|Any CPU
		{417D8722-8AC6-47F1-BD4C-69EFA3CE5F31}.Release|Any CPU.ActiveCfg = Release|Any CPU
		{417D8722-8AC6-47F1-BD4C-69EFA3CE5F31}.Release|Any CPU.Build.0 = Release|Any CPU
		{1B562FA4-2F11-45F6-8371-F50137B66569}.Debug|Any CPU.ActiveCfg = Debug|Any CPU
		{1B562FA4-2F11-45F6-8371-F50137B66569}.Debug|Any CPU.Build.0 = Debug|Any CPU
		{1B562FA4-2F11-45F6-8371-F50137B66569}.Release|Any CPU.ActiveCfg = Release|Any CPU
		{1B562FA4-2F11-45F6-8371-F50137B66569}.Release|Any CPU.Build.0 = Release|Any CPU
		{DCBD557B-7677-47B5-88F1-7237D98EA2D3}.Debug|Any CPU.ActiveCfg = Debug|Any CPU
		{DCBD557B-7677-47B5-88F1-7237D98EA2D3}.Debug|Any CPU.Build.0 = Debug|Any CPU
		{DCBD557B-7677-47B5-88F1-7237D98EA2D3}.Release|Any CPU.ActiveCfg = Release|Any CPU
		{DCBD557B-7677-47B5-88F1-7237D98EA2D3}.Release|Any CPU.Build.0 = Release|Any CPU
	EndGlobalSection
	GlobalSection(NestedProjects) = preSolution
		{417D8722-8AC6-47F1-BD4C-69EFA3CE5F31} = {503D53EE-3E33-4011-B64B-8DB578DB4960}
		{1B562FA4-2F11-45F6-8371-F50137B66569} = {503D53EE-3E33-4011-B64B-8DB578DB4960}
		{DCBD557B-7677-47B5-88F1-7237D98EA2D3} = {503D53EE-3E33-4011-B64B-8DB578DB4960}
	EndGlobalSection
EndGlobal
